
Microsoft Visual Studio Solution File, Format Version 12.00
# Visual Studio Version 17
VisualStudioVersion = 17.11.35312.102
MinimumVisualStudioVersion = 10.0.40219.1
Project("{FAE04EC0-301F-11D3-BF4B-00C04F79EFBC}") = "KB14388_XamDataChart_FormatLabel", "KB14388_XamDataChart_FormatLabel.csproj", "{B053FF9F-9E24-4A9A-A3E9-BBB0431AF8C6}"
EndProject
Global
	GlobalSection(SolutionConfigurationPlatforms) = preSolution
		Debug|Any CPU = Debug|Any CPU
		Release|Any CPU = Release|Any CPU
	EndGlobalSection
	GlobalSection(ProjectConfigurationPlatforms) = postSolution
		{B053FF9F-9E24-4A9A-A3E9-BBB0431AF8C6}.Debug|Any CPU.ActiveCfg = Debug|Any CPU
		{B053FF9F-9E24-4A9A-A3E9-BBB0431AF8C6}.Debug|Any CPU.Build.0 = Debug|Any CPU
		{B053FF9F-9E24-4A9A-A3E9-BBB0431AF8C6}.Release|Any CPU.ActiveCfg = Release|Any CPU
		{B053FF9F-9E24-4A9A-A3E9-BBB0431AF8C6}.Release|Any CPU.Build.0 = Release|Any CPU
	EndGlobalSection
	GlobalSection(SolutionProperties) = preSolution
		HideSolutionNode = FALSE
	EndGlobalSection
	GlobalSection(ExtensibilityGlobals) = postSolution
		SolutionGuid = {E6FB8755-38FA-456A-B876-8F59014DD2CB}
	EndGlobalSection
EndGlobal
